// !$*UTF8*$!
{
	archiveVersion = 1;
	classes = {
	};
	objectVersion = 48;
	objects = {

/* Begin PBXBuildFile section */
		2E075518274E190A00DF8AEF /* TableViewCell.swift in Sources */ = {isa = PBXBuildFile; fileRef = 2E075516274E190A00DF8AEF /* TableViewCell.swift */; };
		2E075519274E190A00DF8AEF /* TableViewCell.xib in Resources */ = {isa = PBXBuildFile; fileRef = 2E075517274E190A00DF8AEF /* TableViewCell.xib */; };
		2E15F10F27386FF3009ECFBC /* SignUpViewController.swift in Sources */ = {isa = PBXBuildFile; fileRef = 2E15F10E27386FF3009ECFBC /* SignUpViewController.swift */; };
		2E15F1112738730E009ECFBC /* LogInViewController.swift in Sources */ = {isa = PBXBuildFile; fileRef = 2E15F1102738730E009ECFBC /* LogInViewController.swift */; };
		2E3EFFA3274A713800C65E36 /* UpdateViewController.swift in Sources */ = {isa = PBXBuildFile; fileRef = 2E3EFFA2274A713800C65E36 /* UpdateViewController.swift */; };
		2E98B51D27384F73006A9ADC /* AppDelegate.swift in Sources */ = {isa = PBXBuildFile; fileRef = 2E98B51C27384F73006A9ADC /* AppDelegate.swift */; };
		2E98B51F27384F73006A9ADC /* HomeViewController.swift in Sources */ = {isa = PBXBuildFile; fileRef = 2E98B51E27384F73006A9ADC /* HomeViewController.swift */; };
		2E98B52227384F73006A9ADC /* Main.storyboard in Resources */ = {isa = PBXBuildFile; fileRef = 2E98B52027384F73006A9ADC /* Main.storyboard */; };
		2E98B52427384F73006A9ADC /* Assets.xcassets in Resources */ = {isa = PBXBuildFile; fileRef = 2E98B52327384F73006A9ADC /* Assets.xcassets */; };
		2E98B52727384F73006A9ADC /* LaunchScreen.storyboard in Resources */ = {isa = PBXBuildFile; fileRef = 2E98B52527384F73006A9ADC /* LaunchScreen.storyboard */; };
		2E9FC492274D18B2007FE268 /* ForgetPasswordViewController.swift in Sources */ = {isa = PBXBuildFile; fileRef = 2E9FC491274D18B2007FE268 /* ForgetPasswordViewController.swift */; };
		2E9FC494274D6A8E007FE268 /* DatabaseManager.swift in Sources */ = {isa = PBXBuildFile; fileRef = 2E9FC493274D6A8E007FE268 /* DatabaseManager.swift */; };
		2ED3B63627465869007E5CAA /* AuthModel.xcdatamodeld in Sources */ = {isa = PBXBuildFile; fileRef = 2ED3B63427465869007E5CAA /* AuthModel.xcdatamodeld */; };
		2ED5688A274E09F6000D8AF8 /* Person+CoreDataClass.swift in Sources */ = {isa = PBXBuildFile; fileRef = 2ED56888274E09F6000D8AF8 /* Person+CoreDataClass.swift */; };
		2ED5688B274E09F6000D8AF8 /* Person+CoreDataProperties.swift in Sources */ = {isa = PBXBuildFile; fileRef = 2ED56889274E09F6000D8AF8 /* Person+CoreDataProperties.swift */; };
		2EE74743274B885D00C21C43 /* ValidationManager.swift in Sources */ = {isa = PBXBuildFile; fileRef = 2EE74742274B885D00C21C43 /* ValidationManager.swift */; };
/* End PBXBuildFile section */

/* Begin PBXFileReference section */
		2E075516274E190A00DF8AEF /* TableViewCell.swift */ = {isa = PBXFileReference; lastKnownFileType = sourcecode.swift; path = TableViewCell.swift; sourceTree = "<group>"; };
		2E075517274E190A00DF8AEF /* TableViewCell.xib */ = {isa = PBXFileReference; lastKnownFileType = file.xib; path = TableViewCell.xib; sourceTree = "<group>"; };
		2E15F10E27386FF3009ECFBC /* SignUpViewController.swift */ = {isa = PBXFileReference; lastKnownFileType = sourcecode.swift; path = SignUpViewController.swift; sourceTree = "<group>"; };
		2E15F1102738730E009ECFBC /* LogInViewController.swift */ = {isa = PBXFileReference; lastKnownFileType = sourcecode.swift; path = LogInViewController.swift; sourceTree = "<group>"; };
		2E3EFFA2274A713800C65E36 /* UpdateViewController.swift */ = {isa = PBXFileReference; lastKnownFileType = sourcecode.swift; path = UpdateViewController.swift; sourceTree = "<group>"; };
		2E98B51927384F73006A9ADC /* LoginAndSignup.app */ = {isa = PBXFileReference; explicitFileType = wrapper.application; includeInIndex = 0; path = LoginAndSignup.app; sourceTree = BUILT_PRODUCTS_DIR; };
		2E98B51C27384F73006A9ADC /* AppDelegate.swift */ = {isa = PBXFileReference; lastKnownFileType = sourcecode.swift; path = AppDelegate.swift; sourceTree = "<group>"; };
		2E98B51E27384F73006A9ADC /* HomeViewController.swift */ = {isa = PBXFileReference; lastKnownFileType = sourcecode.swift; path = HomeViewController.swift; sourceTree = "<group>"; };
		2E98B52127384F73006A9ADC /* Base */ = {isa = PBXFileReference; lastKnownFileType = file.storyboard; name = Base; path = Base.lproj/Main.storyboard; sourceTree = "<group>"; };
		2E98B52327384F73006A9ADC /* Assets.xcassets */ = {isa = PBXFileReference; lastKnownFileType = folder.assetcatalog; path = Assets.xcassets; sourceTree = "<group>"; };
		2E98B52627384F73006A9ADC /* Base */ = {isa = PBXFileReference; lastKnownFileType = file.storyboard; name = Base; path = Base.lproj/LaunchScreen.storyboard; sourceTree = "<group>"; };
		2E98B52827384F73006A9ADC /* Info.plist */ = {isa = PBXFileReference; lastKnownFileType = text.plist.xml; path = Info.plist; sourceTree = "<group>"; };
		2E9FC491274D18B2007FE268 /* ForgetPasswordViewController.swift */ = {isa = PBXFileReference; lastKnownFileType = sourcecode.swift; path = ForgetPasswordViewController.swift; sourceTree = "<group>"; };
		2E9FC493274D6A8E007FE268 /* DatabaseManager.swift */ = {isa = PBXFileReference; lastKnownFileType = sourcecode.swift; path = DatabaseManager.swift; sourceTree = "<group>"; };
		2ED3B63527465869007E5CAA /* AuthModel.xcdatamodel */ = {isa = PBXFileReference; lastKnownFileType = wrapper.xcdatamodel; path = AuthModel.xcdatamodel; sourceTree = "<group>"; };
		2ED56888274E09F6000D8AF8 /* Person+CoreDataClass.swift */ = {isa = PBXFileReference; lastKnownFileType = sourcecode.swift; path = "Person+CoreDataClass.swift"; sourceTree = "<group>"; };
		2ED56889274E09F6000D8AF8 /* Person+CoreDataProperties.swift */ = {isa = PBXFileReference; lastKnownFileType = sourcecode.swift; path = "Person+CoreDataProperties.swift"; sourceTree = "<group>"; };
		2EE74742274B885D00C21C43 /* ValidationManager.swift */ = {isa = PBXFileReference; lastKnownFileType = sourcecode.swift; path = ValidationManager.swift; sourceTree = "<group>"; };
/* End PBXFileReference section */

/* Begin PBXFrameworksBuildPhase section */
		2E98B51627384F73006A9ADC /* Frameworks */ = {
			isa = PBXFrameworksBuildPhase;
			buildActionMask = 2147483647;
			files = (
			);
			runOnlyForDeploymentPostprocessing = 0;
		};
/* End PBXFrameworksBuildPhase section */

/* Begin PBXGroup section */
		2E98B51027384F73006A9ADC = {
			isa = PBXGroup;
			children = (
				2E98B51B27384F73006A9ADC /* LoginAndSignup */,
				2E98B51A27384F73006A9ADC /* Products */,
			);
			sourceTree = "<group>";
		};
		2E98B51A27384F73006A9ADC /* Products */ = {
			isa = PBXGroup;
			children = (
				2E98B51927384F73006A9ADC /* LoginAndSignup.app */,
			);
			name = Products;
			sourceTree = "<group>";
		};
		2E98B51B27384F73006A9ADC /* LoginAndSignup */ = {
			isa = PBXGroup;
			children = (
				2ED56888274E09F6000D8AF8 /* Person+CoreDataClass.swift */,
				2ED56889274E09F6000D8AF8 /* Person+CoreDataProperties.swift */,
				2EF24FCB2746344B00F03F53 /* Person */,
				2E98B51C27384F73006A9ADC /* AppDelegate.swift */,
				2E98B51E27384F73006A9ADC /* HomeViewController.swift */,
				2E15F10E27386FF3009ECFBC /* SignUpViewController.swift */,
				2E15F1102738730E009ECFBC /* LogInViewController.swift */,
				2E3EFFA2274A713800C65E36 /* UpdateViewController.swift */,
				2E9FC491274D18B2007FE268 /* ForgetPasswordViewController.swift */,
				2EE74742274B885D00C21C43 /* ValidationManager.swift */,
				2E9FC493274D6A8E007FE268 /* DatabaseManager.swift */,
				2E98B52027384F73006A9ADC /* Main.storyboard */,
				2E98B52327384F73006A9ADC /* Assets.xcassets */,
				2E98B52527384F73006A9ADC /* LaunchScreen.storyboard */,
				2E98B52827384F73006A9ADC /* Info.plist */,
				2ED3B63427465869007E5CAA /* AuthModel.xcdatamodeld */,
				2E075516274E190A00DF8AEF /* TableViewCell.swift */,
				2E075517274E190A00DF8AEF /* TableViewCell.xib */,
			);
			path = LoginAndSignup;
			sourceTree = "<group>";
		};
		2EF24FCB2746344B00F03F53 /* Person */ = {
			isa = PBXGroup;
			children = (
			);
			path = Person;
			sourceTree = "<group>";
		};
/* End PBXGroup section */

/* Begin PBXNativeTarget section */
		2E98B51827384F73006A9ADC /* LoginAndSignup */ = {
			isa = PBXNativeTarget;
			buildConfigurationList = 2E98B52B27384F73006A9ADC /* Build configuration list for PBXNativeTarget "LoginAndSignup" */;
			buildPhases = (
				2E98B51527384F73006A9ADC /* Sources */,
				2E98B51627384F73006A9ADC /* Frameworks */,
				2E98B51727384F73006A9ADC /* Resources */,
			);
			buildRules = (
			);
			dependencies = (
			);
			name = LoginAndSignup;
			productName = LoginAndSignup;
			productReference = 2E98B51927384F73006A9ADC /* LoginAndSignup.app */;
			productType = "com.apple.product-type.application";
		};
/* End PBXNativeTarget section */

/* Begin PBXProject section */
		2E98B51127384F73006A9ADC /* Project object */ = {
			isa = PBXProject;
			attributes = {
				LastSwiftUpdateCheck = 0920;
				LastUpgradeCheck = 0920;
				ORGANIZATIONNAME = "Programmers force";
				TargetAttributes = {
					2E98B51827384F73006A9ADC = {
						CreatedOnToolsVersion = 9.2;
						ProvisioningStyle = Automatic;
					};
				};
			};
			buildConfigurationList = 2E98B51427384F73006A9ADC /* Build configuration list for PBXProject "LoginAndSignup" */;
			compatibilityVersion = "Xcode 8.0";
			developmentRegion = en;
			hasScannedForEncodings = 0;
			knownRegions = (
				en,
				Base,
			);
			mainGroup = 2E98B51027384F73006A9ADC;
			productRefGroup = 2E98B51A27384F73006A9ADC /* Products */;
			projectDirPath = "";
			projectRoot = "";
			targets = (
				2E98B51827384F73006A9ADC /* LoginAndSignup */,
			);
		};
/* End PBXProject section */

/* Begin PBXResourcesBuildPhase section */
		2E98B51727384F73006A9ADC /* Resources */ = {
			isa = PBXResourcesBuildPhase;
			buildActionMask = 2147483647;
			files = (
				2E98B52727384F73006A9ADC /* LaunchScreen.storyboard in Resources */,
				2E075519274E190A00DF8AEF /* TableViewCell.xib in Resources */,
				2E98B52427384F73006A9ADC /* Assets.xcassets in Resources */,
				2E98B52227384F73006A9ADC /* Main.storyboard in Resources */,
			);
			runOnlyForDeploymentPostprocessing = 0;
		};
/* End PBXResourcesBuildPhase section */

/* Begin PBXSourcesBuildPhase section */
		2E98B51527384F73006A9ADC /* Sources */ = {
			isa = PBXSourcesBuildPhase;
			buildActionMask = 2147483647;
			files = (
				2E075518274E190A00DF8AEF /* TableViewCell.swift in Sources */,
				2E9FC494274D6A8E007FE268 /* DatabaseManager.swift in Sources */,
				2E15F1112738730E009ECFBC /* LogInViewController.swift in Sources */,
				2ED5688A274E09F6000D8AF8 /* Person+CoreDataClass.swift in Sources */,
				2E9FC492274D18B2007FE268 /* ForgetPasswordViewController.swift in Sources */,
				2E3EFFA3274A713800C65E36 /* UpdateViewController.swift in Sources */,
				2EE74743274B885D00C21C43 /* ValidationManager.swift in Sources */,
				2E15F10F27386FF3009ECFBC /* SignUpViewController.swift in Sources */,
				2ED3B63627465869007E5CAA /* AuthModel.xcdatamodeld in Sources */,
				2E98B51F27384F73006A9ADC /* HomeViewController.swift in Sources */,
				2E98B51D27384F73006A9ADC /* AppDelegate.swift in Sources */,
				2ED5688B274E09F6000D8AF8 /* Person+CoreDataProperties.swift in Sources */,
			);
			runOnlyForDeploymentPostprocessing = 0;
		};
/* End PBXSourcesBuildPhase section */

/* Begin PBXVariantGroup section */
		2E98B52027384F73006A9ADC /* Main.storyboard */ = {
			isa = PBXVariantGroup;
			children = (
				2E98B52127384F73006A9ADC /* Base */,
			);
			name = Main.storyboard;
			sourceTree = "<group>";
		};
		2E98B52527384F73006A9ADC /* LaunchScreen.storyboard */ = {
			isa = PBXVariantGroup;
			children = (
				2E98B52627384F73006A9ADC /* Base */,
			);
			name = LaunchScreen.storyboard;
			sourceTree = "<group>";
		};
/* End PBXVariantGroup section */

/* Begin XCBuildConfiguration section */
		2E98B52927384F73006A9ADC /* Debug */ = {
			isa = XCBuildConfiguration;
			buildSettings = {
				ALWAYS_SEARCH_USER_PATHS = NO;
				CLANG_ANALYZER_NONNULL = YES;
				CLANG_ANALYZER_NUMBER_OBJECT_CONVERSION = YES_AGGRESSIVE;
				CLANG_CXX_LANGUAGE_STANDARD = "gnu++14";
				CLANG_CXX_LIBRARY = "libc++";
				CLANG_ENABLE_MODULES = YES;
				CLANG_ENABLE_OBJC_ARC = YES;
				CLANG_WARN_BLOCK_CAPTURE_AUTORELEASING = YES;
				CLANG_WARN_BOOL_CONVERSION = YES;
				CLANG_WARN_COMMA = YES;
				CLANG_WARN_CONSTANT_CONVERSION = YES;
				CLANG_WARN_DIRECT_OBJC_ISA_USAGE = YES_ERROR;
				CLANG_WARN_DOCUMENTATION_COMMENTS = YES;
				CLANG_WARN_EMPTY_BODY = YES;
				CLANG_WARN_ENUM_CONVERSION = YES;
				CLANG_WARN_INFINITE_RECURSION = YES;
				CLANG_WARN_INT_CONVERSION = YES;
				CLANG_WARN_NON_LITERAL_NULL_CONVERSION = YES;
				CLANG_WARN_OBJC_LITERAL_CONVERSION = YES;
				CLANG_WARN_OBJC_ROOT_CLASS = YES_ERROR;
				CLANG_WARN_RANGE_LOOP_ANALYSIS = YES;
				CLANG_WARN_STRICT_PROTOTYPES = YES;
				CLANG_WARN_SUSPICIOUS_MOVE = YES;
				CLANG_WARN_UNGUARDED_AVAILABILITY = YES_AGGRESSIVE;
				CLANG_WARN_UNREACHABLE_CODE = YES;
				CLANG_WARN__DUPLICATE_METHOD_MATCH = YES;
				CODE_SIGN_IDENTITY = "iPhone Developer";
				COPY_PHASE_STRIP = NO;
				DEBUG_INFORMATION_FORMAT = dwarf;
				ENABLE_STRICT_OBJC_MSGSEND = YES;
				ENABLE_TESTABILITY = YES;
				GCC_C_LANGUAGE_STANDARD = gnu11;
				GCC_DYNAMIC_NO_PIC = NO;
				GCC_NO_COMMON_BLOCKS = YES;
				GCC_OPTIMIZATION_LEVEL = 0;
				GCC_PREPROCESSOR_DEFINITIONS = (
					"DEBUG=1",
					"$(inherited)",
				);
				GCC_WARN_64_TO_32_BIT_CONVERSION = YES;
				GCC_WARN_ABOUT_RETURN_TYPE = YES_ERROR;
				GCC_WARN_UNDECLARED_SELECTOR = YES;
				GCC_WARN_UNINITIALIZED_AUTOS = YES_AGGRESSIVE;
				GCC_WARN_UNUSED_FUNCTION = YES;
				GCC_WARN_UNUSED_VARIABLE = YES;
				IPHONEOS_DEPLOYMENT_TARGET = 11.2;
				MTL_ENABLE_DEBUG_INFO = YES;
				ONLY_ACTIVE_ARCH = YES;
				SDKROOT = iphoneos;
				SWIFT_ACTIVE_COMPILATION_CONDITIONS = DEBUG;
				SWIFT_OPTIMIZATION_LEVEL = "-Onone";
			};
			name = Debug;
		};
		2E98B52A27384F73006A9ADC /* Release */ = {
			isa = XCBuildConfiguration;
			buildSettings = {
				ALWAYS_SEARCH_USER_PATHS = NO;
				CLANG_ANALYZER_NONNULL = YES;
				CLANG_ANALYZER_NUMBER_OBJECT_CONVERSION = YES_AGGRESSIVE;
				CLANG_CXX_LANGUAGE_STANDARD = "gnu++14";
				CLANG_CXX_LIBRARY = "libc++";
				CLANG_ENABLE_MODULES = YES;
				CLANG_ENABLE_OBJC_ARC = YES;
				CLANG_WARN_BLOCK_CAPTURE_AUTORELEASING = YES;
				CLANG_WARN_BOOL_CONVERSION = YES;
				CLANG_WARN_COMMA = YES;
				CLANG_WARN_CONSTANT_CONVERSION = YES;
				CLANG_WARN_DIRECT_OBJC_ISA_USAGE = YES_ERROR;
				CLANG_WARN_DOCUMENTATION_COMMENTS = YES;
				CLANG_WARN_EMPTY_BODY = YES;
				CLANG_WARN_ENUM_CONVERSION = YES;
				CLANG_WARN_INFINITE_RECURSION = YES;
				CLANG_WARN_INT_CONVERSION = YES;
				CLANG_WARN_NON_LITERAL_NULL_CONVERSION = YES;
				CLANG_WARN_OBJC_LITERAL_CONVERSION = YES;
				CLANG_WARN_OBJC_ROOT_CLASS = YES_ERROR;
				CLANG_WARN_RANGE_LOOP_ANALYSIS = YES;
				CLANG_WARN_STRICT_PROTOTYPES = YES;
				CLANG_WARN_SUSPICIOUS_MOVE = YES;
				CLANG_WARN_UNGUARDED_AVAILABILITY = YES_AGGRESSIVE;
				CLANG_WARN_UNREACHABLE_CODE = YES;
				CLANG_WARN__DUPLICATE_METHOD_MATCH = YES;
				CODE_SIGN_IDENTITY = "iPhone Developer";
				COPY_PHASE_STRIP = NO;
				DEBUG_INFORMATION_FORMAT = "dwarf-with-dsym";
				ENABLE_NS_ASSERTIONS = NO;
				ENABLE_STRICT_OBJC_MSGSEND = YES;
				GCC_C_LANGUAGE_STANDARD = gnu11;
				GCC_NO_COMMON_BLOCKS = YES;
				GCC_WARN_64_TO_32_BIT_CONVERSION = YES;
				GCC_WARN_ABOUT_RETURN_TYPE = YES_ERROR;
				GCC_WARN_UNDECLARED_SELECTOR = YES;
				GCC_WARN_UNINITIALIZED_AUTOS = YES_AGGRESSIVE;
				GCC_WARN_UNUSED_FUNCTION = YES;
				GCC_WARN_UNUSED_VARIABLE = YES;
				IPHONEOS_DEPLOYMENT_TARGET = 11.2;
				MTL_ENABLE_DEBUG_INFO = NO;
				SDKROOT = iphoneos;
				SWIFT_OPTIMIZATION_LEVEL = "-Owholemodule";
				VALIDATE_PRODUCT = YES;
			};
			name = Release;
		};
		2E98B52C27384F73006A9ADC /* Debug */ = {
			isa = XCBuildConfiguration;
			buildSettings = {
				ASSETCATALOG_COMPILER_APPICON_NAME = AppIcon;
				CODE_SIGN_STYLE = Automatic;
				INFOPLIST_FILE = LoginAndSignup/Info.plist;
				LD_RUNPATH_SEARCH_PATHS = "$(inherited) @executable_path/Frameworks";
				PRODUCT_BUNDLE_IDENTIFIER = com.pf.testXcode.LoginAndSignup;
				PRODUCT_NAME = "$(TARGET_NAME)";
				SWIFT_VERSION = 4.0;
				TARGETED_DEVICE_FAMILY = "1,2";
			};
			name = Debug;
		};
		2E98B52D27384F73006A9ADC /* Release */ = {
			isa = XCBuildConfiguration;
			buildSettings = {
				ASSETCATALOG_COMPILER_APPICON_NAME = AppIcon;
				CODE_SIGN_STYLE = Automatic;
				INFOPLIST_FILE = LoginAndSignup/Info.plist;
				LD_RUNPATH_SEARCH_PATHS = "$(inherited) @executable_path/Frameworks";
				PRODUCT_BUNDLE_IDENTIFIER = com.pf.testXcode.LoginAndSignup;
				PRODUCT_NAME = "$(TARGET_NAME)";
				SWIFT_VERSION = 4.0;
				TARGETED_DEVICE_FAMILY = "1,2";
			};
			name = Release;
		};
/* End XCBuildConfiguration section */

/* Begin XCConfigurationList section */
		2E98B51427384F73006A9ADC /* Build configuration list for PBXProject "LoginAndSignup" */ = {
			isa = XCConfigurationList;
			buildConfigurations = (
				2E98B52927384F73006A9ADC /* Debug */,
				2E98B52A27384F73006A9ADC /* Release */,
			);
			defaultConfigurationIsVisible = 0;
			defaultConfigurationName = Release;
		};
		2E98B52B27384F73006A9ADC /* Build configuration list for PBXNativeTarget "LoginAndSignup" */ = {
			isa = XCConfigurationList;
			buildConfigurations = (
				2E98B52C27384F73006A9ADC /* Debug */,
				2E98B52D27384F73006A9ADC /* Release */,
			);
			defaultConfigurationIsVisible = 0;
			defaultConfigurationName = Release;
		};
/* End XCConfigurationList section */

/* Begin XCVersionGroup section */
		2ED3B63427465869007E5CAA /* AuthModel.xcdatamodeld */ = {
			isa = XCVersionGroup;
			children = (
				2ED3B63527465869007E5CAA /* AuthModel.xcdatamodel */,
			);
			currentVersion = 2ED3B63527465869007E5CAA /* AuthModel.xcdatamodel */;
			path = AuthModel.xcdatamodeld;
			sourceTree = "<group>";
			versionGroupType = wrapper.xcdatamodel;
		};
/* End XCVersionGroup section */
	};
	rootObject = 2E98B51127384F73006A9ADC /* Project object */;
}
